
Microsoft Visual Studio Solution File, Format Version 12.00
# Visual Studio Version 17
VisualStudioVersion = 17.3.32901.215
MinimumVisualStudioVersion = 10.0.40219.1
Project("{FAE04EC0-301F-11D3-BF4B-00C04F79EFBC}") = "TimeZoneConverter", "TimeZoneConverter\TimeZoneConverter.csproj", "{8D299760-5FAD-410C-A0DE-8B49DF1718B0}"
EndProject
Global
	GlobalSection(SolutionConfigurationPlatforms) = preSolution
		Debug|Any CPU = Debug|Any CPU
		Release|Any CPU = Release|Any CPU
	EndGlobalSection
	GlobalSection(ProjectConfigurationPlatforms) = postSolution
		{8D299760-5FAD-410C-A0DE-8B49DF1718B0}.Debug|Any CPU.ActiveCfg = Debug|Any CPU
		{8D299760-5FAD-410C-A0DE-8B49DF1718B0}.Debug|Any CPU.Build.0 = Debug|Any CPU
		{8D299760-5FAD-410C-A0DE-8B49DF1718B0}.Release|Any CPU.ActiveCfg = Release|Any CPU
		{8D299760-5FAD-410C-A0DE-8B49DF1718B0}.Release|Any CPU.Build.0 = Release|Any CPU
	EndGlobalSection
	GlobalSection(SolutionProperties) = preSolution
		HideSolutionNode = FALSE
	EndGlobalSection
	GlobalSection(ExtensibilityGlobals) = postSolution
		SolutionGuid = {BCC78AF4-95CD-4FB2-A632-482DB73C14F5}
	EndGlobalSection
EndGlobal
