
Microsoft Visual Studio Solution File, Format Version 12.00
# Visual Studio Version 17
VisualStudioVersion = 17.2.32630.192
MinimumVisualStudioVersion = 10.0.40219.1
Project("{FAE04EC0-301F-11D3-BF4B-00C04F79EFBC}") = "TimeZoneConverter", "TimeZoneConverter.csproj", "{831AB30A-BE57-4625-8E39-067EAFBC9D36}"
EndProject
Project("{FAE04EC0-301F-11D3-BF4B-00C04F79EFBC}") = "TimeZoneConverterTest", "TimeZoneConverterTest\TimeZoneConverterTest.csproj", "{8BD39195-44F4-41FB-B813-02E404ECDFBE}"
EndProject
Global
	GlobalSection(SolutionConfigurationPlatforms) = preSolution
		Debug|Any CPU = Debug|Any CPU
		Release|Any CPU = Release|Any CPU
	EndGlobalSection
	GlobalSection(ProjectConfigurationPlatforms) = postSolution
		{831AB30A-BE57-4625-8E39-067EAFBC9D36}.Debug|Any CPU.ActiveCfg = Debug|Any CPU
		{831AB30A-BE57-4625-8E39-067EAFBC9D36}.Debug|Any CPU.Build.0 = Debug|Any CPU
		{831AB30A-BE57-4625-8E39-067EAFBC9D36}.Release|Any CPU.ActiveCfg = Release|Any CPU
		{831AB30A-BE57-4625-8E39-067EAFBC9D36}.Release|Any CPU.Build.0 = Release|Any CPU
		{8BD39195-44F4-41FB-B813-02E404ECDFBE}.Debug|Any CPU.ActiveCfg = Debug|Any CPU
		{8BD39195-44F4-41FB-B813-02E404ECDFBE}.Debug|Any CPU.Build.0 = Debug|Any CPU
		{8BD39195-44F4-41FB-B813-02E404ECDFBE}.Release|Any CPU.ActiveCfg = Release|Any CPU
		{8BD39195-44F4-41FB-B813-02E404ECDFBE}.Release|Any CPU.Build.0 = Release|Any CPU
	EndGlobalSection
	GlobalSection(SolutionProperties) = preSolution
		HideSolutionNode = FALSE
	EndGlobalSection
	GlobalSection(ExtensibilityGlobals) = postSolution
		SolutionGuid = {0A87632E-EC97-4DFC-A335-D1C179FABA3A}
	EndGlobalSection
EndGlobal
